
Microsoft Visual Studio Solution File, Format Version 12.00
# Visual Studio Version 17
VisualStudioVersion = 17.5.33424.131
MinimumVisualStudioVersion = 10.0.40219.1
Project("{FAE04EC0-301F-11D3-BF4B-00C04F79EFBC}") = "AreaCalculator", "AreaCalculator\AreaCalculator.csproj", "{3C330C6E-12B0-43E9-85BC-8233C1E3FFC4}"
EndProject
Global
	GlobalSection(SolutionConfigurationPlatforms) = preSolution
		Debug|Any CPU = Debug|Any CPU
		Release|Any CPU = Release|Any CPU
	EndGlobalSection
	GlobalSection(ProjectConfigurationPlatforms) = postSolution
		{3C330C6E-12B0-43E9-85BC-8233C1E3FFC4}.Debug|Any CPU.ActiveCfg = Debug|Any CPU
		{3C330C6E-12B0-43E9-85BC-8233C1E3FFC4}.Debug|Any CPU.Build.0 = Debug|Any CPU
		{3C330C6E-12B0-43E9-85BC-8233C1E3FFC4}.Release|Any CPU.ActiveCfg = Release|Any CPU
		{3C330C6E-12B0-43E9-85BC-8233C1E3FFC4}.Release|Any CPU.Build.0 = Release|Any CPU
	EndGlobalSection
	GlobalSection(SolutionProperties) = preSolution
		HideSolutionNode = FALSE
	EndGlobalSection
	GlobalSection(ExtensibilityGlobals) = postSolution
		SolutionGuid = {7F845EF5-E850-44AF-906F-69C0B0771E6C}
	EndGlobalSection
EndGlobal
